{
  "version": 1,
  "dependencies": {
    "net10.0-windows7.0": {
      "System.Speech": {
        "type": "Direct",
        "requested": "[10.0.7, )",
        "resolved": "10.0.7",
        "contentHash": "NuWzqrK33827U2DBwoHTuFGpAIKZSodhlOxPdAKM17DkyUcTT3NUZgqvwkw1XyLR+WGcINpA2BdB7fVTv8vaaQ=="
      },
      "classroomtoolkit.application": {
        "type": "Project",
        "dependencies": {
          "ClassroomToolkit.Domain": "[1.0.0, )"
        }
      },
      "classroomtoolkit.domain": {
        "type": "Project"
      },
      "classroomtoolkit.interop": {
        "type": "Project"
      }
    }
  }
}