{
  "version": 1,
  "dependencies": {
    "net8.0-windows7.0": {
      "System.Speech": {
        "type": "Direct",
        "requested": "[8.0.0, )",
        "resolved": "8.0.0",
        "contentHash": "CNuiA6vb95Oe5PRjClZEBiaju31vwB8OIeCgeSBXyZL6+MS4RVVB2X/C11z0xCkooHE3Vy91nM2z76emIzR+sg=="
      },
      "classroomtoolkit.domain": {
        "type": "Project"
      },
      "classroomtoolkit.interop": {
        "type": "Project"
      }
    }
  }
}