{
  "version": 1,
  "dependencies": {
    "net10.0-windows7.0": {
      "System.Speech": {
        "type": "Direct",
        "requested": "[8.0.0, )",
        "resolved": "8.0.0",
        "contentHash": "CNuiA6vb95Oe5PRjClZEBiaju31vwB8OIeCgeSBXyZL6+MS4RVVB2X/C11z0xCkooHE3Vy91nM2z76emIzR+sg=="
      },
      "classroomtoolkit.application": {
        "type": "Project",
        "dependencies": {
          "ClassroomToolkit.Domain": "[1.0.0, )"
        }
      },
      "classroomtoolkit.domain": {
        "type": "Project"
      },
      "classroomtoolkit.interop": {
        "type": "Project"
      }
    },
    "net10.0-windows7.0/win-x64": {
      "System.Speech": {
        "type": "Direct",
        "requested": "[8.0.0, )",
        "resolved": "8.0.0",
        "contentHash": "CNuiA6vb95Oe5PRjClZEBiaju31vwB8OIeCgeSBXyZL6+MS4RVVB2X/C11z0xCkooHE3Vy91nM2z76emIzR+sg=="
      }
    }
  }
}