{
  "version": 1,
  "dependencies": {
    "net10.0-windows7.0": {
      "ClosedXML": {
        "type": "Direct",
        "requested": "[0.105.0, )",
        "resolved": "0.105.0",
        "contentHash": "U0hAdnYyPvF7TqHMFloxrS7pmozab79tFFF4c/bgPtqeelUs7ILpUd3r3c7C0a/DXsUZb3k1n4Pf7Q2LMyMQOg==",
        "dependencies": {
          "ClosedXML.Parser": "2.0.0",
          "DocumentFormat.OpenXml": "[3.1.1, 4.0.0)",
          "ExcelNumberFormat": "1.1.0",
          "RBush.Signed": "4.0.0",
          "SixLabors.Fonts": "1.0.0"
        }
      },
      "coverlet.collector": {
        "type": "Direct",
        "requested": "[10.0.0, )",
        "resolved": "10.0.0",
        "contentHash": "WFejCcOUR6k8UYyDnnR6Gk+obFYMsWrZuNqPJnsVFGVhpPSN0y20D4qbdKJnXinYGx9PQ397Hf9TnU1NBST8vA=="
      },
      "DocumentFormat.OpenXml": {
        "type": "Direct",
        "requested": "[3.5.1, )",
        "resolved": "3.5.1",
        "contentHash": "zxdOf5VVCe/uNklbRhj8dVBzQGj3DoqkUuqOp9cAZVuN8mNYDjof1lvSQA2OQNr8Ptc9d7pbA7Azq/ReaI3FpA==",
        "dependencies": {
          "DocumentFormat.OpenXml.Framework": "3.5.1"
        }
      },
      "FluentAssertions": {
        "type": "Direct",
        "requested": "[8.9.0, )",
        "resolved": "8.9.0",
        "contentHash": "Y5RDjxaVlxWX2yy0X/ay1tJjSKMOtjepSb83mmfngFS63hm3LsoZNj6nhmImzm1ifRmpF9ouvmHjx9nNwnkpDg=="
      },
      "Microsoft.Bcl.AsyncInterfaces": {
        "type": "Direct",
        "requested": "[10.0.7, )",
        "resolved": "10.0.7",
        "contentHash": "g0Xp9A+B8jCf5pNIIhFOQXPJkte3D87shfTLY+ylwfSh22U5oQH6tvvmcUuqJvt/wtwKk0WdNp2OGEczHJlJdg=="
      },
      "Microsoft.NET.Test.Sdk": {
        "type": "Direct",
        "requested": "[18.5.0, )",
        "resolved": "18.5.0",
        "contentHash": "25WwwrAqPk8ZjUZchC0xlg0B89eHP4mGDOQwfwnM45/idYnIOQMT8NKWa8tY0HwRPTdFpdoPRBaoB7xU9lR+BA==",
        "dependencies": {
          "Microsoft.CodeCoverage": "18.5.0",
          "Microsoft.TestPlatform.TestHost": "18.5.0"
        }
      },
      "Newtonsoft.Json": {
        "type": "Direct",
        "requested": "[13.0.4, )",
        "resolved": "13.0.4",
        "contentHash": "pdgNNMai3zv51W5aq268sujXUyx7SNdE2bj1wZcWjAQrKMFZV260lbqYop1d2GM67JI1huLRwxo9ZqnfF/lC6A=="
      },
      "SixLabors.Fonts": {
        "type": "Direct",
        "requested": "[2.1.3, )",
        "resolved": "2.1.3",
        "contentHash": "ORWbZ5BHrC/LZvo+Y09MnoJq5VUKD85LsYALk+YI7CHFra+m5arCkz00IntDM6SrAiB22bvSdKtKmuCyHOKlqg=="
      },
      "SourceGear.sqlite3": {
        "type": "Direct",
        "requested": "[3.50.4.5, )",
        "resolved": "3.50.4.5",
        "contentHash": "UtnipXhJYZKQOQIfpws/msLK7IRhMplE1CZCaZLIQXRnGD474QVpO/J9nMlQQY8NZueGz1aidjoxDRnrC1NT3Q=="
      },
      "SQLitePCLRaw.bundle_e_sqlite3": {
        "type": "Direct",
        "requested": "[3.0.2, )",
        "resolved": "3.0.2",
        "contentHash": "nzPPFpELY9U1scLvQpA1k1GIgR9ror83DCPmirT2/i5NCPdTBfhTDA6MZqFZonGDayye5mUQRQLOVyEiJNYr0g==",
        "dependencies": {
          "SQLitePCLRaw.config.e_sqlite3": "3.0.2",
          "SourceGear.sqlite3": "3.50.4.2"
        }
      },
      "System.IO.Packaging": {
        "type": "Direct",
        "requested": "[10.0.7, )",
        "resolved": "10.0.7",
        "contentHash": "qvYn5etKp2m3p05CCvw48OXf0mbD57g0gq/dCjQvq2ZgXYtjB3CV6rwzO7QprxMHnkZFhJ0StrB0thrVzpF49Q=="
      },
      "xunit.runner.visualstudio": {
        "type": "Direct",
        "requested": "[3.1.5, )",
        "resolved": "3.1.5",
        "contentHash": "tKi7dSTwP4m5m9eXPM2Ime4Kn7xNf4x4zT9sdLO/G4hZVnQCRiMTWoSZqI/pYTVeI27oPPqHBKYI/DjJ9GsYgA=="
      },
      "xunit.v3": {
        "type": "Direct",
        "requested": "[3.2.2, )",
        "resolved": "3.2.2",
        "contentHash": "L+4/4y0Uqcg8/d6hfnxhnwh4j9FaeULvefTwrk30rr1o4n/vdPfyUQ8k0yzH8VJx7bmFEkDdcRfbtbjEHlaYcA==",
        "dependencies": {
          "xunit.v3.mtp-v1": "[3.2.2]"
        }
      },
      "ClosedXML.Parser": {
        "type": "Transitive",
        "resolved": "2.0.0",
        "contentHash": "ngTqjYreDYNytG1W5d3ewHsw0ukmmrgV7EKnS4/40rXoYZGt07jrBvo+N+GxT49rcageUMUiprV0jYT4nwVBHQ=="
      },
      "DocumentFormat.OpenXml.Framework": {
        "type": "Transitive",
        "resolved": "3.5.1",
        "contentHash": "U5txtc3ORno73xQx9Lf2gWzfaSZnZwKHfLkTAslhlew9lxe5XbUiCt0dY1fHeAf8yRqszUAe5i/+xLC9R/Xfsw==",
        "dependencies": {
          "System.IO.Packaging": "10.0.2"
        }
      },
      "ExcelNumberFormat": {
        "type": "Transitive",
        "resolved": "1.1.0",
        "contentHash": "R3BVHPs9O+RkExbZYTGT0+9HLbi8ZrNij1Yziyw6znd3J7P3uoIR07uwTLGOogtz1p6+0sna66eBoXu7tBiVQA=="
      },
      "Microsoft.ApplicationInsights": {
        "type": "Transitive",
        "resolved": "2.23.0",
        "contentHash": "nWArUZTdU7iqZLycLKWe0TDms48KKGE6pONH2terYNa8REXiqixrMOkf1sk5DHGMaUTqONU2YkS4SAXBhLStgw=="
      },
      "Microsoft.CodeCoverage": {
        "type": "Transitive",
        "resolved": "18.5.0",
        "contentHash": "6SR2NJFwMvobXs5FhuKdpxhzotlhy/OJzSZv4fhxnN5snHIHfrCUzpZ1k0fffFx9fkLb+GB4+sRptpTfWeu2TQ=="
      },
      "Microsoft.Data.Sqlite": {
        "type": "Transitive",
        "resolved": "10.0.7",
        "contentHash": "DZ6G2QuyPrsh5VS+wfiZbNBtYT6p+CkxXjD0aZHF04xso7QsG/uk0JpG30hzYlK6u/wtTzta1Dqfgbc/Sl2sDA==",
        "dependencies": {
          "Microsoft.Data.Sqlite.Core": "10.0.7",
          "SQLitePCLRaw.bundle_e_sqlite3": "2.1.11",
          "SQLitePCLRaw.core": "2.1.11"
        }
      },
      "Microsoft.Data.Sqlite.Core": {
        "type": "Transitive",
        "resolved": "10.0.7",
        "contentHash": "xVrtBg3M1wJlBDkoT0dXEYB/wSc8bIHJPYtw/bu1AqpWgF79uPSs87DAhERR/Ilumre6TKZa1cjMg3VUUObVLA==",
        "dependencies": {
          "SQLitePCLRaw.core": "2.1.11"
        }
      },
      "Microsoft.Extensions.Configuration": {
        "type": "Transitive",
        "resolved": "10.0.7",
        "contentHash": "wZbGh7J8R1vXN525O6d8dlcDTxhRTnd5MyW4LdfP5S0tSnTwTCseYSrq6g0Mxh7W9xn8P/2xPuf0D/m6k2dy2w==",
        "dependencies": {
          "Microsoft.Extensions.Configuration.Abstractions": "10.0.7",
          "Microsoft.Extensions.Primitives": "10.0.7"
        }
      },
      "Microsoft.Extensions.Configuration.Abstractions": {
        "type": "Transitive",
        "resolved": "10.0.7",
        "contentHash": "t56nEgvECcyLPojZIUFWJknQQDAbgfTf9J+QMYJE1YYvVgz69vN6B/AKL8Grvj3Lcnp8kTpNqwmwFhb3YLJmtQ==",
        "dependencies": {
          "Microsoft.Extensions.Primitives": "10.0.7"
        }
      },
      "Microsoft.Extensions.Configuration.Binder": {
        "type": "Transitive",
        "resolved": "10.0.7",
        "contentHash": "8bS1qIaRivny+WX+49pmeJ6iAylbtX8C0DLEcCQWZjdxQvLqaMssXiGD9P/6pYElrHbK5/nAHmjbQ8STqdMYeg==",
        "dependencies": {
          "Microsoft.Extensions.Configuration": "10.0.7",
          "Microsoft.Extensions.Configuration.Abstractions": "10.0.7"
        }
      },
      "Microsoft.Extensions.DependencyInjection": {
        "type": "Transitive",
        "resolved": "10.0.7",
        "contentHash": "91F/o3emPV/+xY/ip3s2LqDNF14kjttlVtq0BXgg6p4MnCzeSZxnUJm+t6WRrtD3JdGo88/oX+z7OwK4y8PZuw==",
        "dependencies": {
          "Microsoft.Extensions.DependencyInjection.Abstractions": "10.0.7"
        }
      },
      "Microsoft.Extensions.DependencyInjection.Abstractions": {
        "type": "Transitive",
        "resolved": "10.0.7",
        "contentHash": "Z6mfFEaFcwCfSboxJwOLfu7/31npCY9q70WUamHW/vRQhDvBKOT4Vf9YkZj5J6hLvJpb0oDEYfHunQZj0xxvKw=="
      },
      "Microsoft.Extensions.Logging": {
        "type": "Transitive",
        "resolved": "10.0.7",
        "contentHash": "hOeRIQ63GkgiYCB/MIFp+LQs8aXpJXpB55t6Aj37ab7t2/6WeFcPXxYM9hdy/o5tffzwf8mhqzLJP6mjGYCxjw==",
        "dependencies": {
          "Microsoft.Extensions.DependencyInjection": "10.0.7",
          "Microsoft.Extensions.Logging.Abstractions": "10.0.7",
          "Microsoft.Extensions.Options": "10.0.7"
        }
      },
      "Microsoft.Extensions.Logging.Abstractions": {
        "type": "Transitive",
        "resolved": "10.0.7",
        "contentHash": "tIEcQ2gvERrH2KiCjdsVcHGhXt9lIsuDStfOIeZWr7/fP8IXhGiYfx0/80PNI7WPO2IYuFtlZLSlnTS8+/Mchw==",
        "dependencies": {
          "Microsoft.Extensions.DependencyInjection.Abstractions": "10.0.7"
        }
      },
      "Microsoft.Extensions.Logging.Configuration": {
        "type": "Transitive",
        "resolved": "10.0.7",
        "contentHash": "7BBnoGF37USiu7j434put9mDp7EjdlNDIZsR4vHfC1FbLZeLqiWjgJbeEtF0p59Ryqt8AtraHawf0ZKbe5jibg==",
        "dependencies": {
          "Microsoft.Extensions.Configuration": "10.0.7",
          "Microsoft.Extensions.Configuration.Abstractions": "10.0.7",
          "Microsoft.Extensions.Configuration.Binder": "10.0.7",
          "Microsoft.Extensions.DependencyInjection.Abstractions": "10.0.7",
          "Microsoft.Extensions.Logging": "10.0.7",
          "Microsoft.Extensions.Logging.Abstractions": "10.0.7",
          "Microsoft.Extensions.Options": "10.0.7",
          "Microsoft.Extensions.Options.ConfigurationExtensions": "10.0.7"
        }
      },
      "Microsoft.Extensions.Logging.Console": {
        "type": "Transitive",
        "resolved": "10.0.7",
        "contentHash": "DA++Es6v6W0HfrOrw+K8WyN6jNnZHp640PDdEvl8yfeVmgflKdn6vSSFvufNUSOuY+M2ZaSUgfY+jUKtNpXcCw==",
        "dependencies": {
          "Microsoft.Extensions.DependencyInjection.Abstractions": "10.0.7",
          "Microsoft.Extensions.Logging": "10.0.7",
          "Microsoft.Extensions.Logging.Abstractions": "10.0.7",
          "Microsoft.Extensions.Logging.Configuration": "10.0.7",
          "Microsoft.Extensions.Options": "10.0.7"
        }
      },
      "Microsoft.Extensions.Options": {
        "type": "Transitive",
        "resolved": "10.0.7",
        "contentHash": "00SHUGTh2jSMvIr6x9Xwd2nE+B5/qFCO/9hDwUDhJsjYRDlADmaBZ7tqehXzBDsfjHSXJzuRHJzPYPPjphBQ7Q==",
        "dependencies": {
          "Microsoft.Extensions.DependencyInjection.Abstractions": "10.0.7",
          "Microsoft.Extensions.Primitives": "10.0.7"
        }
      },
      "Microsoft.Extensions.Options.ConfigurationExtensions": {
        "type": "Transitive",
        "resolved": "10.0.7",
        "contentHash": "IT7f+EMXZtkjatEcF+o6aOw/7OE4etRrMiDGEWH/iiTu2R3uhC4NEQJCfHiibtX45U3sIQ5Fh6tbb1qaOz3YAg==",
        "dependencies": {
          "Microsoft.Extensions.Configuration.Abstractions": "10.0.7",
          "Microsoft.Extensions.Configuration.Binder": "10.0.7",
          "Microsoft.Extensions.DependencyInjection.Abstractions": "10.0.7",
          "Microsoft.Extensions.Options": "10.0.7",
          "Microsoft.Extensions.Primitives": "10.0.7"
        }
      },
      "Microsoft.Extensions.Primitives": {
        "type": "Transitive",
        "resolved": "10.0.7",
        "contentHash": "D5M0Jr551iTgwkZMN9rm0pSkgNLj5quUWQUmQPMZh7k/bnvZTnXRGfE2KuvXf1EEjt/ofD9yw9IumpgdP9QCnw=="
      },
      "Microsoft.Testing.Extensions.Telemetry": {
        "type": "Transitive",
        "resolved": "1.9.1",
        "contentHash": "No5AudZMmSb+uNXjlgL2y3/stHD2IT4uxqc5yHwkE+/nNux9jbKcaJMvcp9SwgP4DVD8L9/P3OUz8mmmcvEIdQ==",
        "dependencies": {
          "Microsoft.ApplicationInsights": "2.23.0",
          "Microsoft.Testing.Platform": "1.9.1"
        }
      },
      "Microsoft.Testing.Extensions.TrxReport.Abstractions": {
        "type": "Transitive",
        "resolved": "1.9.1",
        "contentHash": "AL46Xe1WBi85Ntd4mNPvat5ZSsZ2uejiVqoKCypr8J3wK0elA5xJ3AN4G/Q4GIwzUFnggZoH/DBjnr9J18IO/g==",
        "dependencies": {
          "Microsoft.Testing.Platform": "1.9.1"
        }
      },
      "Microsoft.Testing.Platform": {
        "type": "Transitive",
        "resolved": "1.9.1",
        "contentHash": "QafNtNSmEI0zazdebnsIkDKmFtTSpmx/5PLOjURWwozcPb3tvRxzosQSL8xwYNM1iPhhKiBksXZyRSE2COisrA=="
      },
      "Microsoft.Testing.Platform.MSBuild": {
        "type": "Transitive",
        "resolved": "1.9.1",
        "contentHash": "oTUtyR4X/s9ytuiNA29FGsNCCH0rNmY5Wdm14NCKLjTM1cT9edVSlA+rGS/mVmusPqcP0l/x9qOnMXg16v87RQ==",
        "dependencies": {
          "Microsoft.Testing.Platform": "1.9.1"
        }
      },
      "Microsoft.TestPlatform.ObjectModel": {
        "type": "Transitive",
        "resolved": "18.5.0",
        "contentHash": "8f6BFQZEk8EvQ4xTo5QpNwgOfoMs28/iZ81+2pWKtB+S/PiI49W0Cvj+apHxJH3ttnKPlGlhKSn070Ise8ETlg=="
      },
      "Microsoft.TestPlatform.TestHost": {
        "type": "Transitive",
        "resolved": "18.5.0",
        "contentHash": "vDo0CJKJqa1fgJkXWtwLbx7SMPSp6KkLk6jkJKe8rH1EG8SCD26vaPaEsxhd17+CazffDohWIGkO6yir85C45A==",
        "dependencies": {
          "Microsoft.TestPlatform.ObjectModel": "18.5.0",
          "Newtonsoft.Json": "13.0.3"
        }
      },
      "Microsoft.Win32.Registry": {
        "type": "Transitive",
        "resolved": "5.0.0",
        "contentHash": "dDoKi0PnDz31yAyETfRntsLArTlVAVzUzCIvvEDsDsucrl33Dl8pIJG06ePTJTI3tGpeyHS9Cq7Foc/s4EeKcg=="
      },
      "PdfiumViewer.Core": {
        "type": "Transitive",
        "resolved": "1.0.4",
        "contentHash": "4SZb57POygmbgVaiSs/itCcrPiFmaAacBK85a5a2CKIJsoDqfOZSNWBPY1Ntp1/xn6OmfI7vvS9Ix/tCV3mCGA=="
      },
      "PdfiumViewer.Native.x86_64.no_v8-no_xfa": {
        "type": "Transitive",
        "resolved": "2018.4.8.256",
        "contentHash": "Vc5TY9nc6oYDzsC4gWIjIZGbUDXBPF++HzIlg5HsC7Pa0SsPgjXH2UIwfY6YcbAhwbf11NuXrBCNzgKYvPXSfw=="
      },
      "RBush.Signed": {
        "type": "Transitive",
        "resolved": "4.0.0",
        "contentHash": "aP5KQxL5RnFNGW1f0euYVBfCatkLw5iEzMRJcXKq8LWWP4Cp3+qoSq1tDDL2vvJ2rM0ychmVMa2VaEKLS6uX4w=="
      },
      "SQLitePCLRaw.config.e_sqlite3": {
        "type": "Transitive",
        "resolved": "3.0.2",
        "contentHash": "QPHR1Axs8YCCapb0TnmT7PxY9DX3sg4I4T9HOSKeFBiT5l482mjrOIxuyt+xOCwEQ2Enq5h0tgDOXMnJi+i0sw==",
        "dependencies": {
          "SQLitePCLRaw.provider.e_sqlite3": "3.0.2"
        }
      },
      "SQLitePCLRaw.core": {
        "type": "Transitive",
        "resolved": "3.0.2",
        "contentHash": "tnbRf0muOOSJK1RLCfyYK13jynFScgL4xMj7yC3oy8lrrGKXTKmOoWjfdV+cFfBRdppm4qST31hvp8ihgIgvMQ=="
      },
      "SQLitePCLRaw.provider.e_sqlite3": {
        "type": "Transitive",
        "resolved": "3.0.2",
        "contentHash": "RQIliDp47mQxGYNcBB6W+ezHbegkImrSZVTuWjQCSTTl3pQ37Q3rALkkkdTAMEmcIz71PEOCqNZMp7lXCnVqEQ==",
        "dependencies": {
          "SQLitePCLRaw.core": "3.0.2"
        }
      },
      "System.Speech": {
        "type": "Transitive",
        "resolved": "10.0.7",
        "contentHash": "NuWzqrK33827U2DBwoHTuFGpAIKZSodhlOxPdAKM17DkyUcTT3NUZgqvwkw1XyLR+WGcINpA2BdB7fVTv8vaaQ=="
      },
      "xunit.analyzers": {
        "type": "Transitive",
        "resolved": "1.27.0",
        "contentHash": "y/pxIQaLvk/kxAoDkZW9GnHLCEqzwl5TW0vtX3pweyQpjizB9y3DXhb9pkw2dGeUqhLjsxvvJM1k89JowU6z3g=="
      },
      "xunit.v3.assert": {
        "type": "Transitive",
        "resolved": "3.2.2",
        "contentHash": "BPciBghgEEaJN/JG00QfCYDfEfnLgQhfnYEy+j1izoeHVNYd5+3Wm8GJ6JgYysOhpBPYGE+sbf75JtrRc7jrdA=="
      },
      "xunit.v3.common": {
        "type": "Transitive",
        "resolved": "3.2.2",
        "contentHash": "Hj775PEH6GTbbg0wfKRvG2hNspDCvTH9irXhH4qIWgdrOSV1sQlqPie+DOvFeigsFg2fxSM3ZAaaCDQs+KreFA==",
        "dependencies": {
          "Microsoft.Bcl.AsyncInterfaces": "6.0.0"
        }
      },
      "xunit.v3.core.mtp-v1": {
        "type": "Transitive",
        "resolved": "3.2.2",
        "contentHash": "Ga5aA2Ca9ktz+5k3g5ukzwfexwoqwDUpV6z7atSEUvqtd6JuybU1XopHqg1oFd78QdTfZgZE9h5sHpO4qYIi5w==",
        "dependencies": {
          "Microsoft.Testing.Extensions.Telemetry": "1.9.1",
          "Microsoft.Testing.Extensions.TrxReport.Abstractions": "1.9.1",
          "Microsoft.Testing.Platform": "1.9.1",
          "Microsoft.Testing.Platform.MSBuild": "1.9.1",
          "xunit.v3.extensibility.core": "[3.2.2]",
          "xunit.v3.runner.inproc.console": "[3.2.2]"
        }
      },
      "xunit.v3.extensibility.core": {
        "type": "Transitive",
        "resolved": "3.2.2",
        "contentHash": "srY8z/oMPvh/t8axtO2DwrHajhFMH7tnqKildvYrVQIfICi8fOn3yIBWkVPAcrKmHMwvXRJ/XsQM3VMR6DOYfQ==",
        "dependencies": {
          "xunit.v3.common": "[3.2.2]"
        }
      },
      "xunit.v3.mtp-v1": {
        "type": "Transitive",
        "resolved": "3.2.2",
        "contentHash": "O41aAzYKBT5PWqATa1oEWVNCyEUypFQ4va6K0kz37dduV3EKzXNMaV2UnEhufzU4Cce1I33gg0oldS8tGL5I0A==",
        "dependencies": {
          "xunit.analyzers": "1.27.0",
          "xunit.v3.assert": "[3.2.2]",
          "xunit.v3.core.mtp-v1": "[3.2.2]"
        }
      },
      "xunit.v3.runner.common": {
        "type": "Transitive",
        "resolved": "3.2.2",
        "contentHash": "/hkHkQCzGrugelOAehprm7RIWdsUFVmIVaD6jDH/8DNGCymTlKKPTbGokD5czbAfqfex47mBP0sb0zbHYwrO/g==",
        "dependencies": {
          "Microsoft.Win32.Registry": "[5.0.0]",
          "xunit.v3.common": "[3.2.2]"
        }
      },
      "xunit.v3.runner.inproc.console": {
        "type": "Transitive",
        "resolved": "3.2.2",
        "contentHash": "ulWOdSvCk+bPXijJZ73bth9NyoOHsAs1ZOvamYbCkD4DNLX/Bd29Ve2ZNUwBbK0MqfIYWXHZViy/HKrdEC/izw==",
        "dependencies": {
          "xunit.v3.extensibility.core": "[3.2.2]",
          "xunit.v3.runner.common": "[3.2.2]"
        }
      },
      "classroomtoolkit.application": {
        "type": "Project",
        "dependencies": {
          "ClassroomToolkit.Domain": "[1.0.0, )"
        }
      },
      "classroomtoolkit.domain": {
        "type": "Project"
      },
      "classroomtoolkit.infra": {
        "type": "Project",
        "dependencies": {
          "ClassroomToolkit.Application": "[1.0.0, )",
          "ClassroomToolkit.Domain": "[1.0.0, )",
          "ClosedXML": "[0.105.0, )",
          "DocumentFormat.OpenXml": "[3.5.1, )",
          "Microsoft.Data.Sqlite": "[10.0.7, )",
          "Microsoft.Extensions.Logging": "[10.0.7, )",
          "SQLitePCLRaw.bundle_e_sqlite3": "[3.0.2, )",
          "SixLabors.Fonts": "[2.1.3, )",
          "SourceGear.sqlite3": "[3.50.4.5, )",
          "System.IO.Packaging": "[10.0.7, )"
        }
      },
      "classroomtoolkit.interop": {
        "type": "Project"
      },
      "classroomtoolkit.services": {
        "type": "Project",
        "dependencies": {
          "ClassroomToolkit.Application": "[1.0.0, )",
          "ClassroomToolkit.Domain": "[1.0.0, )",
          "ClassroomToolkit.Interop": "[1.0.0, )",
          "System.Speech": "[10.0.7, )"
        }
      },
      "sciman Classroom Toolkit": {
        "type": "Project",
        "dependencies": {
          "ClassroomToolkit.Application": "[1.0.0, )",
          "ClassroomToolkit.Domain": "[1.0.0, )",
          "ClassroomToolkit.Infra": "[1.0.0, )",
          "ClassroomToolkit.Interop": "[1.0.0, )",
          "ClassroomToolkit.Services": "[1.0.0, )",
          "Microsoft.Extensions.DependencyInjection": "[10.0.7, )",
          "Microsoft.Extensions.Logging": "[10.0.7, )",
          "Microsoft.Extensions.Logging.Console": "[10.0.7, )",
          "PdfiumViewer.Core": "[1.0.4, )",
          "PdfiumViewer.Native.x86_64.no_v8-no_xfa": "[2018.4.8.256, )",
          "System.Speech": "[10.0.7, )"
        }
      }
    }
  }
}